// !$*UTF8*$!
{
	archiveVersion = 1;
	classes = {
	};
	objectVersion = 46;
	objects = {

/* Begin PBXBuildFile section */
		23D0E4AB1B9C41BA003C6459 /* main.c in Sources */ = {isa = PBXBuildFile; fileRef = 23D0E4AA1B9C41BA003C6459 /* main.c */; };
		23D0E4B41B9C430B003C6459 /* Entity.c in Sources */ = {isa = PBXBuildFile; fileRef = 23D0E4B11B9C430B003C6459 /* Entity.c */; };
		E64236D21BF9A5B4001FB767 /* BTree.c in Sources */ = {isa = PBXBuildFile; fileRef = E64236D01BF9A5B4001FB767 /* BTree.c */; };
		E68D2B831BF571D00070208A /* test.c in Sources */ = {isa = PBXBuildFile; fileRef = E68D2B811BF571D00070208A /* test.c */; };
/* End PBXBuildFile section */

/* Begin PBXCopyFilesBuildPhase section */
		23D0E4A51B9C41BA003C6459 /* CopyFiles */ = {
			isa = PBXCopyFilesBuildPhase;
			buildActionMask = 2147483647;
			dstPath = /usr/share/man/man1/;
			dstSubfolderSpec = 0;
			files = (
			);
			runOnlyForDeploymentPostprocessing = 1;
		};
/* End PBXCopyFilesBuildPhase section */

/* Begin PBXFileReference section */
		23D0E4A71B9C41BA003C6459 /* prctice-C */ = {isa = PBXFileReference; explicitFileType = "compiled.mach-o.executable"; includeInIndex = 0; path = "prctice-C"; sourceTree = BUILT_PRODUCTS_DIR; };
		23D0E4AA1B9C41BA003C6459 /* main.c */ = {isa = PBXFileReference; lastKnownFileType = sourcecode.c.c; path = main.c; sourceTree = "<group>"; };
		23D0E4B11B9C430B003C6459 /* Entity.c */ = {isa = PBXFileReference; fileEncoding = 4; lastKnownFileType = sourcecode.c.c; path = Entity.c; sourceTree = "<group>"; };
		23D0E4B21B9C430B003C6459 /* Entity.h */ = {isa = PBXFileReference; fileEncoding = 4; lastKnownFileType = sourcecode.c.h; path = Entity.h; sourceTree = "<group>"; };
		23D0E4B31B9C430B003C6459 /* EntityType.h */ = {isa = PBXFileReference; fileEncoding = 4; lastKnownFileType = sourcecode.c.h; path = EntityType.h; sourceTree = "<group>"; };
		E64236D01BF9A5B4001FB767 /* BTree.c */ = {isa = PBXFileReference; fileEncoding = 4; lastKnownFileType = sourcecode.c.c; path = BTree.c; sourceTree = "<group>"; };
		E64236D11BF9A5B4001FB767 /* BTree.h */ = {isa = PBXFileReference; fileEncoding = 4; lastKnownFileType = sourcecode.c.h; path = BTree.h; sourceTree = "<group>"; };
		E68D2B811BF571D00070208A /* test.c */ = {isa = PBXFileReference; fileEncoding = 4; lastKnownFileType = sourcecode.c.c; path = test.c; sourceTree = "<group>"; };
/* End PBXFileReference section */

/* Begin PBXFrameworksBuildPhase section */
		23D0E4A41B9C41BA003C6459 /* Frameworks */ = {
			isa = PBXFrameworksBuildPhase;
			buildActionMask = 2147483647;
			files = (
			);
			runOnlyForDeploymentPostprocessing = 0;
		};
/* End PBXFrameworksBuildPhase section */

/* Begin PBXGroup section */
		23D0E49E1B9C41BA003C6459 = {
			isa = PBXGroup;
			children = (
				23D0E4A91B9C41BA003C6459 /* prctice-C */,
				23D0E4A81B9C41BA003C6459 /* Products */,
			);
			sourceTree = "<group>";
		};
		23D0E4A81B9C41BA003C6459 /* Products */ = {
			isa = PBXGroup;
			children = (
				23D0E4A71B9C41BA003C6459 /* prctice-C */,
			);
			name = Products;
			sourceTree = "<group>";
		};
		23D0E4A91B9C41BA003C6459 /* prctice-C */ = {
			isa = PBXGroup;
			children = (
				E68D2B811BF571D00070208A /* test.c */,
				23D0E4AA1B9C41BA003C6459 /* main.c */,
				E64236D01BF9A5B4001FB767 /* BTree.c */,
				E64236D11BF9A5B4001FB767 /* BTree.h */,
				23D0E4B11B9C430B003C6459 /* Entity.c */,
				23D0E4B21B9C430B003C6459 /* Entity.h */,
				23D0E4B31B9C430B003C6459 /* EntityType.h */,
			);
			path = "prctice-C";
			sourceTree = "<group>";
		};
/* End PBXGroup section */

/* Begin PBXNativeTarget section */
		23D0E4A61B9C41BA003C6459 /* prctice-C */ = {
			isa = PBXNativeTarget;
			buildConfigurationList = 23D0E4AE1B9C41BA003C6459 /* Build configuration list for PBXNativeTarget "prctice-C" */;
			buildPhases = (
				23D0E4A31B9C41BA003C6459 /* Sources */,
				23D0E4A41B9C41BA003C6459 /* Frameworks */,
				23D0E4A51B9C41BA003C6459 /* CopyFiles */,
			);
			buildRules = (
			);
			dependencies = (
			);
			name = "prctice-C";
			productName = "prctice-C";
			productReference = 23D0E4A71B9C41BA003C6459 /* prctice-C */;
			productType = "com.apple.product-type.tool";
		};
/* End PBXNativeTarget section */

/* Begin PBXProject section */
		23D0E49F1B9C41BA003C6459 /* Project object */ = {
			isa = PBXProject;
			attributes = {
				LastUpgradeCheck = 0640;
				ORGANIZATIONNAME = andybain;
				TargetAttributes = {
					23D0E4A61B9C41BA003C6459 = {
						CreatedOnToolsVersion = 6.4;
					};
				};
			};
			buildConfigurationList = 23D0E4A21B9C41BA003C6459 /* Build configuration list for PBXProject "prctice-C" */;
			compatibilityVersion = "Xcode 3.2";
			developmentRegion = English;
			hasScannedForEncodings = 0;
			knownRegions = (
				en,
			);
			mainGroup = 23D0E49E1B9C41BA003C6459;
			productRefGroup = 23D0E4A81B9C41BA003C6459 /* Products */;
			projectDirPath = "";
			projectRoot = "";
			targets = (
				23D0E4A61B9C41BA003C6459 /* prctice-C */,
			);
		};
/* End PBXProject section */

/* Begin PBXSourcesBuildPhase section */
		23D0E4A31B9C41BA003C6459 /* Sources */ = {
			isa = PBXSourcesBuildPhase;
			buildActionMask = 2147483647;
			files = (
				23D0E4B41B9C430B003C6459 /* Entity.c in Sources */,
				E64236D21BF9A5B4001FB767 /* BTree.c in Sources */,
				23D0E4AB1B9C41BA003C6459 /* main.c in Sources */,
				E68D2B831BF571D00070208A /* test.c in Sources */,
			);
			runOnlyForDeploymentPostprocessing = 0;
		};
/* End PBXSourcesBuildPhase section */

/* Begin XCBuildConfiguration section */
		23D0E4AC1B9C41BA003C6459 /* Debug */ = {
			isa = XCBuildConfiguration;
			buildSettings = {
				ALWAYS_SEARCH_USER_PATHS = NO;
				CLANG_CXX_LANGUAGE_STANDARD = "gnu++0x";
				CLANG_CXX_LIBRARY = "libc++";
				CLANG_ENABLE_MODULES = YES;
				CLANG_ENABLE_OBJC_ARC = YES;
				CLANG_WARN_BOOL_CONVERSION = YES;
				CLANG_WARN_CONSTANT_CONVERSION = YES;
				CLANG_WARN_DIRECT_OBJC_ISA_USAGE = YES_ERROR;
				CLANG_WARN_EMPTY_BODY = YES;
				CLANG_WARN_ENUM_CONVERSION = YES;
				CLANG_WARN_INT_CONVERSION = YES;
				CLANG_WARN_OBJC_ROOT_CLASS = YES_ERROR;
				CLANG_WARN_UNREACHABLE_CODE = YES;
				CLANG_WARN__DUPLICATE_METHOD_MATCH = YES;
				COPY_PHASE_STRIP = NO;
				DEBUG_INFORMATION_FORMAT = dwarf;
				ENABLE_STRICT_OBJC_MSGSEND = YES;
				GCC_C_LANGUAGE_STANDARD = gnu99;
				GCC_DYNAMIC_NO_PIC = NO;
				GCC_NO_COMMON_BLOCKS = YES;
				GCC_OPTIMIZATION_LEVEL = 0;
				GCC_PREPROCESSOR_DEFINITIONS = (
					"DEBUG=1",
					"$(inherited)",
				);
				GCC_SYMBOLS_PRIVATE_EXTERN = NO;
				GCC_WARN_64_TO_32_BIT_CONVERSION = YES;
				GCC_WARN_ABOUT_RETURN_TYPE = YES_ERROR;
				GCC_WARN_UNDECLARED_SELECTOR = YES;
				GCC_WARN_UNINITIALIZED_AUTOS = YES_AGGRESSIVE;
				GCC_WARN_UNUSED_FUNCTION = YES;
				GCC_WARN_UNUSED_VARIABLE = YES;
				MACOSX_DEPLOYMENT_TARGET = 10.10;
				MTL_ENABLE_DEBUG_INFO = YES;
				ONLY_ACTIVE_ARCH = YES;
				SDKROOT = macosx;
			};
			name = Debug;
		};
		23D0E4AD1B9C41BA003C6459 /* Release */ = {
			isa = XCBuildConfiguration;
			buildSettings = {
				ALWAYS_SEARCH_USER_PATHS = NO;
				CLANG_CXX_LANGUAGE_STANDARD = "gnu++0x";
				CLANG_CXX_LIBRARY = "libc++";
				CLANG_ENABLE_MODULES = YES;
				CLANG_ENABLE_OBJC_ARC = YES;
				CLANG_WARN_BOOL_CONVERSION = YES;
				CLANG_WARN_CONSTANT_CONVERSION = YES;
				CLANG_WARN_DIRECT_OBJC_ISA_USAGE = YES_ERROR;
				CLANG_WARN_EMPTY_BODY = YES;
				CLANG_WARN_ENUM_CONVERSION = YES;
				CLANG_WARN_INT_CONVERSION = YES;
				CLANG_WARN_OBJC_ROOT_CLASS = YES_ERROR;
				CLANG_WARN_UNREACHABLE_CODE = YES;
				CLANG_WARN__DUPLICATE_METHOD_MATCH = YES;
				COPY_PHASE_STRIP = NO;
				DEBUG_INFORMATION_FORMAT = "dwarf-with-dsym";
				ENABLE_NS_ASSERTIONS = NO;
				ENABLE_STRICT_OBJC_MSGSEND = YES;
				GCC_C_LANGUAGE_STANDARD = gnu99;
				GCC_NO_COMMON_BLOCKS = YES;
				GCC_WARN_64_TO_32_BIT_CONVERSION = YES;
				GCC_WARN_ABOUT_RETURN_TYPE = YES_ERROR;
				GCC_WARN_UNDECLARED_SELECTOR = YES;
				GCC_WARN_UNINITIALIZED_AUTOS = YES_AGGRESSIVE;
				GCC_WARN_UNUSED_FUNCTION = YES;
				GCC_WARN_UNUSED_VARIABLE = YES;
				MACOSX_DEPLOYMENT_TARGET = 10.10;
				MTL_ENABLE_DEBUG_INFO = NO;
				SDKROOT = macosx;
			};
			name = Release;
		};
		23D0E4AF1B9C41BA003C6459 /* Debug */ = {
			isa = XCBuildConfiguration;
			buildSettings = {
				PRODUCT_NAME = "$(TARGET_NAME)";
			};
			name = Debug;
		};
		23D0E4B01B9C41BA003C6459 /* Release */ = {
			isa = XCBuildConfiguration;
			buildSettings = {
				PRODUCT_NAME = "$(TARGET_NAME)";
			};
			name = Release;
		};
/* End XCBuildConfiguration section */

/* Begin XCConfigurationList section */
		23D0E4A21B9C41BA003C6459 /* Build configuration list for PBXProject "prctice-C" */ = {
			isa = XCConfigurationList;
			buildConfigurations = (
				23D0E4AC1B9C41BA003C6459 /* Debug */,
				23D0E4AD1B9C41BA003C6459 /* Release */,
			);
			defaultConfigurationIsVisible = 0;
			defaultConfigurationName = Release;
		};
		23D0E4AE1B9C41BA003C6459 /* Build configuration list for PBXNativeTarget "prctice-C" */ = {
			isa = XCConfigurationList;
			buildConfigurations = (
				23D0E4AF1B9C41BA003C6459 /* Debug */,
				23D0E4B01B9C41BA003C6459 /* Release */,
			);
			defaultConfigurationIsVisible = 0;
			defaultConfigurationName = Release;
		};
/* End XCConfigurationList section */
	};
	rootObject = 23D0E49F1B9C41BA003C6459 /* Project object */;
}
